// !$*UTF8*$!
{
	archiveVersion = 1;
	classes = {
	};
	objectVersion = 60;
	objects = {

/* Begin PBXBuildFile section */
		FAEA47AA2C747A05009D15C9 /* AppDelegate.swift in Sources */ = {isa = PBXBuildFile; fileRef = FAEA47A92C747A05009D15C9 /* AppDelegate.swift */; };
		FAEA47AC2C747A05009D15C9 /* SceneDelegate.swift in Sources */ = {isa = PBXBuildFile; fileRef = FAEA47AB2C747A05009D15C9 /* SceneDelegate.swift */; };
		FAEA47AE2C747A05009D15C9 /* ViewController.swift in Sources */ = {isa = PBXBuildFile; fileRef = FAEA47AD2C747A05009D15C9 /* ViewController.swift */; };
		FAEA47B32C747A06009D15C9 /* Assets.xcassets in Resources */ = {isa = PBXBuildFile; fileRef = FAEA47B22C747A06009D15C9 /* Assets.xcassets */; };
		FAEA47B62C747A06009D15C9 /* Base in Resources */ = {isa = PBXBuildFile; fileRef = FAEA47B52C747A06009D15C9 /* Base */; };
		FAEA47C12C747A06009D15C9 /* baby_bites_mobTests.swift in Sources */ = {isa = PBXBuildFile; fileRef = FAEA47C02C747A06009D15C9 /* baby_bites_mobTests.swift */; };
		FAEA47CB2C747A06009D15C9 /* baby_bites_mobUITests.swift in Sources */ = {isa = PBXBuildFile; fileRef = FAEA47CA2C747A06009D15C9 /* baby_bites_mobUITests.swift */; };
		FAEA47CD2C747A06009D15C9 /* baby_bites_mobUITestsLaunchTests.swift in Sources */ = {isa = PBXBuildFile; fileRef = FAEA47CC2C747A06009D15C9 /* baby_bites_mobUITestsLaunchTests.swift */; };
		FAEA47E92C747CD7009D15C9 /* Recipe.swift in Sources */ = {isa = PBXBuildFile; fileRef = FAEA47E82C747C78009D15C9 /* Recipe.swift */; };
		FAEA47EB2C747EBD009D15C9 /* Ingredient.swift in Sources */ = {isa = PBXBuildFile; fileRef = FAEA47EA2C747EB9009D15C9 /* Ingredient.swift */; };
		FAEA47F02C748199009D15C9 /* RecipeRepository.swift in Sources */ = {isa = PBXBuildFile; fileRef = FAEA47EF2C748197009D15C9 /* RecipeRepository.swift */; };
		FAEA47F22C748230009D15C9 /* CloudKitRecipeRepository.swift in Sources */ = {isa = PBXBuildFile; fileRef = FAEA47F12C7481B6009D15C9 /* CloudKitRecipeRepository.swift */; };
		FAEA47F42C7487CA009D15C9 /* SaveRecipeUseCase.swift in Sources */ = {isa = PBXBuildFile; fileRef = FAEA47F32C7487C7009D15C9 /* SaveRecipeUseCase.swift */; };
		FAEA48032C748963009D15C9 /* IngredientsListViewModel.swift in Sources */ = {isa = PBXBuildFile; fileRef = FAEA48022C74895C009D15C9 /* IngredientsListViewModel.swift */; };
		FAEA48052C748977009D15C9 /* RecommendationsListViewModel.swift in Sources */ = {isa = PBXBuildFile; fileRef = FAEA48042C74896D009D15C9 /* RecommendationsListViewModel.swift */; };
		FAEA48082C74898F009D15C9 /* IngredientDetailsViewModel.swift in Sources */ = {isa = PBXBuildFile; fileRef = FAEA48072C748989009D15C9 /* IngredientDetailsViewModel.swift */; };
		FAEA480A2C748997009D15C9 /* RecipeDetailsViewModel.swift in Sources */ = {isa = PBXBuildFile; fileRef = FAEA48092C748992009D15C9 /* RecipeDetailsViewModel.swift */; };
		FAEA480C2C7489DB009D15C9 /* FetchIngredientUseCase.swift in Sources */ = {isa = PBXBuildFile; fileRef = FAEA480B2C7489D7009D15C9 /* FetchIngredientUseCase.swift */; };
		FAEA480E2C748A10009D15C9 /* IngredientRepository.swift in Sources */ = {isa = PBXBuildFile; fileRef = FAEA480D2C748A0C009D15C9 /* IngredientRepository.swift */; };
		FAEA48102C748AD9009D15C9 /* SaveIngredientUseCase.swift in Sources */ = {isa = PBXBuildFile; fileRef = FAEA480F2C748AD4009D15C9 /* SaveIngredientUseCase.swift */; };
		FAEA48122C748B01009D15C9 /* FetchRecipeUseCase.swift in Sources */ = {isa = PBXBuildFile; fileRef = FAEA48112C748AFC009D15C9 /* FetchRecipeUseCase.swift */; };
		FAEA48142C748B1A009D15C9 /* FetchAllRecipesUseCase.swift in Sources */ = {isa = PBXBuildFile; fileRef = FAEA48132C748B14009D15C9 /* FetchAllRecipesUseCase.swift */; };
		FAEA48162C748B25009D15C9 /* FetchAllIngredientsUseCase.swift in Sources */ = {isa = PBXBuildFile; fileRef = FAEA48152C748B1F009D15C9 /* FetchAllIngredientsUseCase.swift */; };
		FAEA48182C748F23009D15C9 /* CloudKitIngredientRepository.swift in Sources */ = {isa = PBXBuildFile; fileRef = FAEA48172C748F1C009D15C9 /* CloudKitIngredientRepository.swift */; };
		FAEA482D2C75DB8F009D15C9 /* Favorite.swift in Sources */ = {isa = PBXBuildFile; fileRef = FAEA482C2C75DB86009D15C9 /* Favorite.swift */; };
		FAEA482F2C75DC7E009D15C9 /* RecommendationPredictor.swift in Sources */ = {isa = PBXBuildFile; fileRef = FAEA482E2C75DC71009D15C9 /* RecommendationPredictor.swift */; };
		FAEA48312C75E074009D15C9 /* FetchRecipesByIngredientUseCase.swift in Sources */ = {isa = PBXBuildFile; fileRef = FAEA48302C75E06A009D15C9 /* FetchRecipesByIngredientUseCase.swift */; };
		FAEA48332C75E2AC009D15C9 /* .swift in Resources */ = {isa = PBXBuildFile; fileRef = FAEA48322C75E2A7009D15C9 /* .swift */; };
		FAEA48352C75E2C0009D15C9 /* IngredientView.swift in Sources */ = {isa = PBXBuildFile; fileRef = FAEA48342C75E2B4009D15C9 /* IngredientView.swift */; };
		FAEA48372C75E4B0009D15C9 /* IngredientsListView.swift in Sources */ = {isa = PBXBuildFile; fileRef = FAEA48362C75E4A9009D15C9 /* IngredientsListView.swift */; };
		FAEA48392C75E51A009D15C9 /* MainView.swift in Sources */ = {isa = PBXBuildFile; fileRef = FAEA48382C75E516009D15C9 /* MainView.swift */; };
		FAEA483B2C75EE0B009D15C9 /* IngredientCell.swift in Sources */ = {isa = PBXBuildFile; fileRef = FAEA483A2C75EE07009D15C9 /* IngredientCell.swift */; };
		FAEA483F2C75F067009D15C9 /* Main.storyboard in Resources */ = {isa = PBXBuildFile; fileRef = FAEA483E2C75F067009D15C9 /* Main.storyboard */; };
/* End PBXBuildFile section */

/* Begin PBXContainerItemProxy section */
		FAEA47BD2C747A06009D15C9 /* PBXContainerItemProxy */ = {
			isa = PBXContainerItemProxy;
			containerPortal = FAEA479E2C747A05009D15C9 /* Project object */;
			proxyType = 1;
			remoteGlobalIDString = FAEA47A52C747A05009D15C9;
			remoteInfo = "baby-bites-mob";
		};
		FAEA47C72C747A06009D15C9 /* PBXContainerItemProxy */ = {
			isa = PBXContainerItemProxy;
			containerPortal = FAEA479E2C747A05009D15C9 /* Project object */;
			proxyType = 1;
			remoteGlobalIDString = FAEA47A52C747A05009D15C9;
			remoteInfo = "baby-bites-mob";
		};
/* End PBXContainerItemProxy section */

/* Begin PBXFileReference section */
		FAEA47A62C747A05009D15C9 /* baby-bites-mob.app */ = {isa = PBXFileReference; explicitFileType = wrapper.application; includeInIndex = 0; path = "baby-bites-mob.app"; sourceTree = BUILT_PRODUCTS_DIR; };
		FAEA47A92C747A05009D15C9 /* AppDelegate.swift */ = {isa = PBXFileReference; lastKnownFileType = sourcecode.swift; path = AppDelegate.swift; sourceTree = "<group>"; };
		FAEA47AB2C747A05009D15C9 /* SceneDelegate.swift */ = {isa = PBXFileReference; lastKnownFileType = sourcecode.swift; path = SceneDelegate.swift; sourceTree = "<group>"; };
		FAEA47AD2C747A05009D15C9 /* ViewController.swift */ = {isa = PBXFileReference; lastKnownFileType = sourcecode.swift; path = ViewController.swift; sourceTree = "<group>"; };
		FAEA47B22C747A06009D15C9 /* Assets.xcassets */ = {isa = PBXFileReference; lastKnownFileType = folder.assetcatalog; path = Assets.xcassets; sourceTree = "<group>"; };
		FAEA47B52C747A06009D15C9 /* Base */ = {isa = PBXFileReference; lastKnownFileType = file.storyboard; name = Base; path = Base.lproj/LaunchScreen.storyboard; sourceTree = "<group>"; };
		FAEA47B72C747A06009D15C9 /* Info.plist */ = {isa = PBXFileReference; lastKnownFileType = text.plist.xml; path = Info.plist; sourceTree = "<group>"; };
		FAEA47BC2C747A06009D15C9 /* baby-bites-mobTests.xctest */ = {isa = PBXFileReference; explicitFileType = wrapper.cfbundle; includeInIndex = 0; path = "baby-bites-mobTests.xctest"; sourceTree = BUILT_PRODUCTS_DIR; };
		FAEA47C02C747A06009D15C9 /* baby_bites_mobTests.swift */ = {isa = PBXFileReference; lastKnownFileType = sourcecode.swift; path = baby_bites_mobTests.swift; sourceTree = "<group>"; };
		FAEA47C62C747A06009D15C9 /* baby-bites-mobUITests.xctest */ = {isa = PBXFileReference; explicitFileType = wrapper.cfbundle; includeInIndex = 0; path = "baby-bites-mobUITests.xctest"; sourceTree = BUILT_PRODUCTS_DIR; };
		FAEA47CA2C747A06009D15C9 /* baby_bites_mobUITests.swift */ = {isa = PBXFileReference; lastKnownFileType = sourcecode.swift; path = baby_bites_mobUITests.swift; sourceTree = "<group>"; };
		FAEA47CC2C747A06009D15C9 /* baby_bites_mobUITestsLaunchTests.swift */ = {isa = PBXFileReference; lastKnownFileType = sourcecode.swift; path = baby_bites_mobUITestsLaunchTests.swift; sourceTree = "<group>"; };
		FAEA47E82C747C78009D15C9 /* Recipe.swift */ = {isa = PBXFileReference; lastKnownFileType = sourcecode.swift; path = Recipe.swift; sourceTree = "<group>"; };
		FAEA47EA2C747EB9009D15C9 /* Ingredient.swift */ = {isa = PBXFileReference; lastKnownFileType = sourcecode.swift; path = Ingredient.swift; sourceTree = "<group>"; };
		FAEA47EF2C748197009D15C9 /* RecipeRepository.swift */ = {isa = PBXFileReference; lastKnownFileType = sourcecode.swift; path = RecipeRepository.swift; sourceTree = "<group>"; };
		FAEA47F12C7481B6009D15C9 /* CloudKitRecipeRepository.swift */ = {isa = PBXFileReference; lastKnownFileType = sourcecode.swift; path = CloudKitRecipeRepository.swift; sourceTree = "<group>"; };
		FAEA47F32C7487C7009D15C9 /* SaveRecipeUseCase.swift */ = {isa = PBXFileReference; lastKnownFileType = sourcecode.swift; path = SaveRecipeUseCase.swift; sourceTree = "<group>"; };
		FAEA48022C74895C009D15C9 /* IngredientsListViewModel.swift */ = {isa = PBXFileReference; lastKnownFileType = sourcecode.swift; path = IngredientsListViewModel.swift; sourceTree = "<group>"; };
		FAEA48042C74896D009D15C9 /* RecommendationsListViewModel.swift */ = {isa = PBXFileReference; lastKnownFileType = sourcecode.swift; path = RecommendationsListViewModel.swift; sourceTree = "<group>"; };
		FAEA48072C748989009D15C9 /* IngredientDetailsViewModel.swift */ = {isa = PBXFileReference; lastKnownFileType = sourcecode.swift; path = IngredientDetailsViewModel.swift; sourceTree = "<group>"; };
		FAEA48092C748992009D15C9 /* RecipeDetailsViewModel.swift */ = {isa = PBXFileReference; lastKnownFileType = sourcecode.swift; path = RecipeDetailsViewModel.swift; sourceTree = "<group>"; };
		FAEA480B2C7489D7009D15C9 /* FetchIngredientUseCase.swift */ = {isa = PBXFileReference; lastKnownFileType = sourcecode.swift; path = FetchIngredientUseCase.swift; sourceTree = "<group>"; };
		FAEA480D2C748A0C009D15C9 /* IngredientRepository.swift */ = {isa = PBXFileReference; lastKnownFileType = sourcecode.swift; path = IngredientRepository.swift; sourceTree = "<group>"; };
		FAEA480F2C748AD4009D15C9 /* SaveIngredientUseCase.swift */ = {isa = PBXFileReference; lastKnownFileType = sourcecode.swift; path = SaveIngredientUseCase.swift; sourceTree = "<group>"; };
		FAEA48112C748AFC009D15C9 /* FetchRecipeUseCase.swift */ = {isa = PBXFileReference; lastKnownFileType = sourcecode.swift; path = FetchRecipeUseCase.swift; sourceTree = "<group>"; };
		FAEA48132C748B14009D15C9 /* FetchAllRecipesUseCase.swift */ = {isa = PBXFileReference; lastKnownFileType = sourcecode.swift; path = FetchAllRecipesUseCase.swift; sourceTree = "<group>"; };
		FAEA48152C748B1F009D15C9 /* FetchAllIngredientsUseCase.swift */ = {isa = PBXFileReference; lastKnownFileType = sourcecode.swift; path = FetchAllIngredientsUseCase.swift; sourceTree = "<group>"; };
		FAEA48172C748F1C009D15C9 /* CloudKitIngredientRepository.swift */ = {isa = PBXFileReference; lastKnownFileType = sourcecode.swift; path = CloudKitIngredientRepository.swift; sourceTree = "<group>"; };
		FAEA48192C74957A009D15C9 /* baby-bites-mob.entitlements */ = {isa = PBXFileReference; lastKnownFileType = text.plist.entitlements; path = "baby-bites-mob.entitlements"; sourceTree = "<group>"; };
		FAEA482C2C75DB86009D15C9 /* Favorite.swift */ = {isa = PBXFileReference; lastKnownFileType = sourcecode.swift; path = Favorite.swift; sourceTree = "<group>"; };
		FAEA482E2C75DC71009D15C9 /* RecommendationPredictor.swift */ = {isa = PBXFileReference; lastKnownFileType = sourcecode.swift; path = RecommendationPredictor.swift; sourceTree = "<group>"; };
		FAEA48302C75E06A009D15C9 /* FetchRecipesByIngredientUseCase.swift */ = {isa = PBXFileReference; lastKnownFileType = sourcecode.swift; path = FetchRecipesByIngredientUseCase.swift; sourceTree = "<group>"; };
		FAEA48322C75E2A7009D15C9 /* .swift */ = {isa = PBXFileReference; lastKnownFileType = text; path = .swift; sourceTree = "<group>"; };
		FAEA48342C75E2B4009D15C9 /* IngredientView.swift */ = {isa = PBXFileReference; lastKnownFileType = sourcecode.swift; path = IngredientView.swift; sourceTree = "<group>"; };
		FAEA48362C75E4A9009D15C9 /* IngredientsListView.swift */ = {isa = PBXFileReference; lastKnownFileType = sourcecode.swift; path = IngredientsListView.swift; sourceTree = "<group>"; };
		FAEA48382C75E516009D15C9 /* MainView.swift */ = {isa = PBXFileReference; lastKnownFileType = sourcecode.swift; path = MainView.swift; sourceTree = "<group>"; };
		FAEA483A2C75EE07009D15C9 /* IngredientCell.swift */ = {isa = PBXFileReference; lastKnownFileType = sourcecode.swift; path = IngredientCell.swift; sourceTree = "<group>"; };
		FAEA483E2C75F067009D15C9 /* Main.storyboard */ = {isa = PBXFileReference; lastKnownFileType = file.storyboard; path = Main.storyboard; sourceTree = "<group>"; };
/* End PBXFileReference section */

/* Begin PBXFrameworksBuildPhase section */
		FAEA47A32C747A05009D15C9 /* Frameworks */ = {
			isa = PBXFrameworksBuildPhase;
			buildActionMask = 2147483647;
			files = (
			);
			runOnlyForDeploymentPostprocessing = 0;
		};
		FAEA47B92C747A06009D15C9 /* Frameworks */ = {
			isa = PBXFrameworksBuildPhase;
			buildActionMask = 2147483647;
			files = (
			);
			runOnlyForDeploymentPostprocessing = 0;
		};
		FAEA47C32C747A06009D15C9 /* Frameworks */ = {
			isa = PBXFrameworksBuildPhase;
			buildActionMask = 2147483647;
			files = (
			);
			runOnlyForDeploymentPostprocessing = 0;
		};
/* End PBXFrameworksBuildPhase section */

/* Begin PBXGroup section */
		FAEA479D2C747A05009D15C9 = {
			isa = PBXGroup;
			children = (
				FAEA47A82C747A05009D15C9 /* baby-bites-mob */,
				FAEA47BF2C747A06009D15C9 /* baby-bites-mobTests */,
				FAEA47C92C747A06009D15C9 /* baby-bites-mobUITests */,
				FAEA47A72C747A05009D15C9 /* Products */,
			);
			sourceTree = "<group>";
		};
		FAEA47A72C747A05009D15C9 /* Products */ = {
			isa = PBXGroup;
			children = (
				FAEA47A62C747A05009D15C9 /* baby-bites-mob.app */,
				FAEA47BC2C747A06009D15C9 /* baby-bites-mobTests.xctest */,
				FAEA47C62C747A06009D15C9 /* baby-bites-mobUITests.xctest */,
			);
			name = Products;
			sourceTree = "<group>";
		};
		FAEA47A82C747A05009D15C9 /* baby-bites-mob */ = {
			isa = PBXGroup;
			children = (
				FAEA48192C74957A009D15C9 /* baby-bites-mob.entitlements */,
				FAEA47E22C747B0B009D15C9 /* Resources */,
				FAEA47E12C747AFB009D15C9 /* Presentation */,
				FAEA47E02C747AF2009D15C9 /* Infrastructure */,
				FAEA47DF2C747AE5009D15C9 /* Domain */,
				FAEA47DE2C747AE0009D15C9 /* Data */,
				FAEA47DD2C747ADA009D15C9 /* Application */,
				FAEA47A92C747A05009D15C9 /* AppDelegate.swift */,
				FAEA47AB2C747A05009D15C9 /* SceneDelegate.swift */,
				FAEA47AD2C747A05009D15C9 /* ViewController.swift */,
				FAEA48382C75E516009D15C9 /* MainView.swift */,
				FAEA483E2C75F067009D15C9 /* Main.storyboard */,
				FAEA47B22C747A06009D15C9 /* Assets.xcassets */,
				FAEA47B42C747A06009D15C9 /* LaunchScreen.storyboard */,
				FAEA47B72C747A06009D15C9 /* Info.plist */,
			);
			path = "baby-bites-mob";
			sourceTree = "<group>";
		};
		FAEA47BF2C747A06009D15C9 /* baby-bites-mobTests */ = {
			isa = PBXGroup;
			children = (
				FAEA47C02C747A06009D15C9 /* baby_bites_mobTests.swift */,
			);
			path = "baby-bites-mobTests";
			sourceTree = "<group>";
		};
		FAEA47C92C747A06009D15C9 /* baby-bites-mobUITests */ = {
			isa = PBXGroup;
			children = (
				FAEA47CA2C747A06009D15C9 /* baby_bites_mobUITests.swift */,
				FAEA47CC2C747A06009D15C9 /* baby_bites_mobUITestsLaunchTests.swift */,
			);
			path = "baby-bites-mobUITests";
			sourceTree = "<group>";
		};
		FAEA47DD2C747ADA009D15C9 /* Application */ = {
			isa = PBXGroup;
			children = (
			);
			path = Application;
			sourceTree = "<group>";
		};
		FAEA47DE2C747AE0009D15C9 /* Data */ = {
			isa = PBXGroup;
			children = (
				FAEA47E52C747B53009D15C9 /* Repositories */,
				FAEA47E42C747B37009D15C9 /* PersistentStorages */,
				FAEA47E32C747B2C009D15C9 /* Network */,
			);
			path = Data;
			sourceTree = "<group>";
		};
		FAEA47DF2C747AE5009D15C9 /* Domain */ = {
			isa = PBXGroup;
			children = (
				FAEA47ED2C74803B009D15C9 /* UseCases */,
				FAEA47EC2C748035009D15C9 /* Interfaces */,
				FAEA47E72C747C3D009D15C9 /* Entities */,
			);
			path = Domain;
			sourceTree = "<group>";
		};
		FAEA47E02C747AF2009D15C9 /* Infrastructure */ = {
			isa = PBXGroup;
			children = (
				FAEA482B2C75A5E6009D15C9 /* Mocks */,
			);
			path = Infrastructure;
			sourceTree = "<group>";
		};
		FAEA47E12C747AFB009D15C9 /* Presentation */ = {
			isa = PBXGroup;
			children = (
				FAEA47F52C748818009D15C9 /* RecipeScene */,
			);
			path = Presentation;
			sourceTree = "<group>";
		};
		FAEA47E22C747B0B009D15C9 /* Resources */ = {
			isa = PBXGroup;
			children = (
			);
			path = Resources;
			sourceTree = "<group>";
		};
		FAEA47E32C747B2C009D15C9 /* Network */ = {
			isa = PBXGroup;
			children = (
			);
			path = Network;
			sourceTree = "<group>";
		};
		FAEA47E42C747B37009D15C9 /* PersistentStorages */ = {
			isa = PBXGroup;
			children = (
				FAEA47E62C747BCC009D15C9 /* CoreDataStorage */,
			);
			path = PersistentStorages;
			sourceTree = "<group>";
		};
		FAEA47E52C747B53009D15C9 /* Repositories */ = {
			isa = PBXGroup;
			children = (
				FAEA47F12C7481B6009D15C9 /* CloudKitRecipeRepository.swift */,
				FAEA48172C748F1C009D15C9 /* CloudKitIngredientRepository.swift */,
			);
			path = Repositories;
			sourceTree = "<group>";
		};
		FAEA47E62C747BCC009D15C9 /* CoreDataStorage */ = {
			isa = PBXGroup;
			children = (
			);
			path = CoreDataStorage;
			sourceTree = "<group>";
		};
		FAEA47E72C747C3D009D15C9 /* Entities */ = {
			isa = PBXGroup;
			children = (
				FAEA482C2C75DB86009D15C9 /* Favorite.swift */,
				FAEA47EA2C747EB9009D15C9 /* Ingredient.swift */,
				FAEA47E82C747C78009D15C9 /* Recipe.swift */,
			);
			path = Entities;
			sourceTree = "<group>";
		};
		FAEA47EC2C748035009D15C9 /* Interfaces */ = {
			isa = PBXGroup;
			children = (
				FAEA47EE2C748049009D15C9 /* Repositories */,
			);
			path = Interfaces;
			sourceTree = "<group>";
		};
		FAEA47ED2C74803B009D15C9 /* UseCases */ = {
			isa = PBXGroup;
			children = (
				FAEA48302C75E06A009D15C9 /* FetchRecipesByIngredientUseCase.swift */,
				FAEA48152C748B1F009D15C9 /* FetchAllIngredientsUseCase.swift */,
				FAEA48132C748B14009D15C9 /* FetchAllRecipesUseCase.swift */,
				FAEA48112C748AFC009D15C9 /* FetchRecipeUseCase.swift */,
				FAEA480F2C748AD4009D15C9 /* SaveIngredientUseCase.swift */,
				FAEA480B2C7489D7009D15C9 /* FetchIngredientUseCase.swift */,
				FAEA47F32C7487C7009D15C9 /* SaveRecipeUseCase.swift */,
			);
			path = UseCases;
			sourceTree = "<group>";
		};
		FAEA47EE2C748049009D15C9 /* Repositories */ = {
			isa = PBXGroup;
			children = (
				FAEA480D2C748A0C009D15C9 /* IngredientRepository.swift */,
				FAEA47EF2C748197009D15C9 /* RecipeRepository.swift */,
			);
			path = Repositories;
			sourceTree = "<group>";
		};
		FAEA47F52C748818009D15C9 /* RecipeScene */ = {
			isa = PBXGroup;
			children = (
				FAEA47FD2C748884009D15C9 /* RecipeDetails */,
				FAEA47FC2C74887D009D15C9 /* IngredientDetails */,
				FAEA47F92C748851009D15C9 /* IngredientsList */,
				FAEA47F62C748825009D15C9 /* RecommendationsList */,
			);
			path = RecipeScene;
			sourceTree = "<group>";
		};
		FAEA47F62C748825009D15C9 /* RecommendationsList */ = {
			isa = PBXGroup;
			children = (
				FAEA47F82C748838009D15C9 /* ViewModel */,
				FAEA47F72C748833009D15C9 /* View */,
			);
			path = RecommendationsList;
			sourceTree = "<group>";
		};
		FAEA47F72C748833009D15C9 /* View */ = {
			isa = PBXGroup;
			children = (
				FAEA48322C75E2A7009D15C9 /* .swift */,
			);
			path = View;
			sourceTree = "<group>";
		};
		FAEA47F82C748838009D15C9 /* ViewModel */ = {
			isa = PBXGroup;
			children = (
				FAEA482E2C75DC71009D15C9 /* RecommendationPredictor.swift */,
				FAEA48042C74896D009D15C9 /* RecommendationsListViewModel.swift */,
			);
			path = ViewModel;
			sourceTree = "<group>";
		};
		FAEA47F92C748851009D15C9 /* IngredientsList */ = {
			isa = PBXGroup;
			children = (
				FAEA47FB2C748872009D15C9 /* ViewModel */,
				FAEA47FA2C74886E009D15C9 /* View */,
			);
			path = IngredientsList;
			sourceTree = "<group>";
		};
		FAEA47FA2C74886E009D15C9 /* View */ = {
			isa = PBXGroup;
			children = (
				FAEA483A2C75EE07009D15C9 /* IngredientCell.swift */,
				FAEA48362C75E4A9009D15C9 /* IngredientsListView.swift */,
			);
			path = View;
			sourceTree = "<group>";
		};
		FAEA47FB2C748872009D15C9 /* ViewModel */ = {
			isa = PBXGroup;
			children = (
				FAEA48022C74895C009D15C9 /* IngredientsListViewModel.swift */,
			);
			path = ViewModel;
			sourceTree = "<group>";
		};
		FAEA47FC2C74887D009D15C9 /* IngredientDetails */ = {
			isa = PBXGroup;
			children = (
				FAEA47FF2C748893009D15C9 /* View */,
				FAEA47FE2C74888F009D15C9 /* ViewModel */,
			);
			path = IngredientDetails;
			sourceTree = "<group>";
		};
		FAEA47FD2C748884009D15C9 /* RecipeDetails */ = {
			isa = PBXGroup;
			children = (
				FAEA48012C7488B5009D15C9 /* View */,
				FAEA48002C748896009D15C9 /* ViewModel */,
			);
			path = RecipeDetails;
			sourceTree = "<group>";
		};
		FAEA47FE2C74888F009D15C9 /* ViewModel */ = {
			isa = PBXGroup;
			children = (
				FAEA48072C748989009D15C9 /* IngredientDetailsViewModel.swift */,
			);
			path = ViewModel;
			sourceTree = "<group>";
		};
		FAEA47FF2C748893009D15C9 /* View */ = {
			isa = PBXGroup;
			children = (
				FAEA48342C75E2B4009D15C9 /* IngredientView.swift */,
			);
			path = View;
			sourceTree = "<group>";
		};
		FAEA48002C748896009D15C9 /* ViewModel */ = {
			isa = PBXGroup;
			children = (
				FAEA48092C748992009D15C9 /* RecipeDetailsViewModel.swift */,
			);
			path = ViewModel;
			sourceTree = "<group>";
		};
		FAEA48012C7488B5009D15C9 /* View */ = {
			isa = PBXGroup;
			children = (
			);
			path = View;
			sourceTree = "<group>";
		};
		FAEA482B2C75A5E6009D15C9 /* Mocks */ = {
			isa = PBXGroup;
			children = (
			);
			path = Mocks;
			sourceTree = "<group>";
		};
/* End PBXGroup section */

/* Begin PBXNativeTarget section */
		FAEA47A52C747A05009D15C9 /* baby-bites-mob */ = {
			isa = PBXNativeTarget;
			buildConfigurationList = FAEA47D02C747A06009D15C9 /* Build configuration list for PBXNativeTarget "baby-bites-mob" */;
			buildPhases = (
				FAEA47A22C747A05009D15C9 /* Sources */,
				FAEA47A32C747A05009D15C9 /* Frameworks */,
				FAEA47A42C747A05009D15C9 /* Resources */,
			);
			buildRules = (
			);
			dependencies = (
			);
			name = "baby-bites-mob";
			productName = "baby-bites-mob";
			productReference = FAEA47A62C747A05009D15C9 /* baby-bites-mob.app */;
			productType = "com.apple.product-type.application";
		};
		FAEA47BB2C747A06009D15C9 /* baby-bites-mobTests */ = {
			isa = PBXNativeTarget;
			buildConfigurationList = FAEA47D32C747A06009D15C9 /* Build configuration list for PBXNativeTarget "baby-bites-mobTests" */;
			buildPhases = (
				FAEA47B82C747A06009D15C9 /* Sources */,
				FAEA47B92C747A06009D15C9 /* Frameworks */,
				FAEA47BA2C747A06009D15C9 /* Resources */,
			);
			buildRules = (
			);
			dependencies = (
				FAEA47BE2C747A06009D15C9 /* PBXTargetDependency */,
			);
			name = "baby-bites-mobTests";
			productName = "baby-bites-mobTests";
			productReference = FAEA47BC2C747A06009D15C9 /* baby-bites-mobTests.xctest */;
			productType = "com.apple.product-type.bundle.unit-test";
		};
		FAEA47C52C747A06009D15C9 /* baby-bites-mobUITests */ = {
			isa = PBXNativeTarget;
			buildConfigurationList = FAEA47D62C747A06009D15C9 /* Build configuration list for PBXNativeTarget "baby-bites-mobUITests" */;
			buildPhases = (
				FAEA47C22C747A06009D15C9 /* Sources */,
				FAEA47C32C747A06009D15C9 /* Frameworks */,
				FAEA47C42C747A06009D15C9 /* Resources */,
			);
			buildRules = (
			);
			dependencies = (
				FAEA47C82C747A06009D15C9 /* PBXTargetDependency */,
			);
			name = "baby-bites-mobUITests";
			productName = "baby-bites-mobUITests";
			productReference = FAEA47C62C747A06009D15C9 /* baby-bites-mobUITests.xctest */;
			productType = "com.apple.product-type.bundle.ui-testing";
		};
/* End PBXNativeTarget section */

/* Begin PBXProject section */
		FAEA479E2C747A05009D15C9 /* Project object */ = {
			isa = PBXProject;
			attributes = {
				BuildIndependentTargetsInParallel = 1;
				LastSwiftUpdateCheck = 1600;
				LastUpgradeCheck = 1600;
				TargetAttributes = {
					FAEA47A52C747A05009D15C9 = {
						CreatedOnToolsVersion = 16.0;
					};
					FAEA47BB2C747A06009D15C9 = {
						CreatedOnToolsVersion = 16.0;
						TestTargetID = FAEA47A52C747A05009D15C9;
					};
					FAEA47C52C747A06009D15C9 = {
						CreatedOnToolsVersion = 16.0;
						TestTargetID = FAEA47A52C747A05009D15C9;
					};
				};
			};
			buildConfigurationList = FAEA47A12C747A05009D15C9 /* Build configuration list for PBXProject "baby-bites-mob" */;
			compatibilityVersion = "Xcode 15.0";
			developmentRegion = en;
			hasScannedForEncodings = 0;
			knownRegions = (
				en,
				Base,
			);
			mainGroup = FAEA479D2C747A05009D15C9;
			productRefGroup = FAEA47A72C747A05009D15C9 /* Products */;
			projectDirPath = "";
			projectRoot = "";
			targets = (
				FAEA47A52C747A05009D15C9 /* baby-bites-mob */,
				FAEA47BB2C747A06009D15C9 /* baby-bites-mobTests */,
				FAEA47C52C747A06009D15C9 /* baby-bites-mobUITests */,
			);
		};
/* End PBXProject section */

/* Begin PBXResourcesBuildPhase section */
		FAEA47A42C747A05009D15C9 /* Resources */ = {
			isa = PBXResourcesBuildPhase;
			buildActionMask = 2147483647;
			files = (
				FAEA47B32C747A06009D15C9 /* Assets.xcassets in Resources */,
				FAEA48332C75E2AC009D15C9 /* .swift in Resources */,
				FAEA47B62C747A06009D15C9 /* Base in Resources */,
				FAEA483F2C75F067009D15C9 /* Main.storyboard in Resources */,
			);
			runOnlyForDeploymentPostprocessing = 0;
		};
		FAEA47BA2C747A06009D15C9 /* Resources */ = {
			isa = PBXResourcesBuildPhase;
			buildActionMask = 2147483647;
			files = (
			);
			runOnlyForDeploymentPostprocessing = 0;
		};
		FAEA47C42C747A06009D15C9 /* Resources */ = {
			isa = PBXResourcesBuildPhase;
			buildActionMask = 2147483647;
			files = (
			);
			runOnlyForDeploymentPostprocessing = 0;
		};
/* End PBXResourcesBuildPhase section */

/* Begin PBXSourcesBuildPhase section */
		FAEA47A22C747A05009D15C9 /* Sources */ = {
			isa = PBXSourcesBuildPhase;
			buildActionMask = 2147483647;
			files = (
				FAEA48102C748AD9009D15C9 /* SaveIngredientUseCase.swift in Sources */,
				FAEA482F2C75DC7E009D15C9 /* RecommendationPredictor.swift in Sources */,
				FAEA480E2C748A10009D15C9 /* IngredientRepository.swift in Sources */,
				FAEA47AE2C747A05009D15C9 /* ViewController.swift in Sources */,
				FAEA48142C748B1A009D15C9 /* FetchAllRecipesUseCase.swift in Sources */,
				FAEA480A2C748997009D15C9 /* RecipeDetailsViewModel.swift in Sources */,
				FAEA47F02C748199009D15C9 /* RecipeRepository.swift in Sources */,
				FAEA47F22C748230009D15C9 /* CloudKitRecipeRepository.swift in Sources */,
				FAEA48082C74898F009D15C9 /* IngredientDetailsViewModel.swift in Sources */,
				FAEA47AA2C747A05009D15C9 /* AppDelegate.swift in Sources */,
				FAEA480C2C7489DB009D15C9 /* FetchIngredientUseCase.swift in Sources */,
				FAEA47EB2C747EBD009D15C9 /* Ingredient.swift in Sources */,
				FAEA48182C748F23009D15C9 /* CloudKitIngredientRepository.swift in Sources */,
				FAEA48392C75E51A009D15C9 /* MainView.swift in Sources */,
				FAEA48312C75E074009D15C9 /* FetchRecipesByIngredientUseCase.swift in Sources */,
				FAEA48052C748977009D15C9 /* RecommendationsListViewModel.swift in Sources */,
				FAEA48372C75E4B0009D15C9 /* IngredientsListView.swift in Sources */,
				FAEA48352C75E2C0009D15C9 /* IngredientView.swift in Sources */,
				FAEA483B2C75EE0B009D15C9 /* IngredientCell.swift in Sources */,
				FAEA47AC2C747A05009D15C9 /* SceneDelegate.swift in Sources */,
				FAEA482D2C75DB8F009D15C9 /* Favorite.swift in Sources */,
				FAEA48032C748963009D15C9 /* IngredientsListViewModel.swift in Sources */,
				FAEA47E92C747CD7009D15C9 /* Recipe.swift in Sources */,
				FAEA48122C748B01009D15C9 /* FetchRecipeUseCase.swift in Sources */,
				FAEA47F42C7487CA009D15C9 /* SaveRecipeUseCase.swift in Sources */,
				FAEA48162C748B25009D15C9 /* FetchAllIngredientsUseCase.swift in Sources */,
			);
			runOnlyForDeploymentPostprocessing = 0;
		};
		FAEA47B82C747A06009D15C9 /* Sources */ = {
			isa = PBXSourcesBuildPhase;
			buildActionMask = 2147483647;
			files = (
				FAEA47C12C747A06009D15C9 /* baby_bites_mobTests.swift in Sources */,
			);
			runOnlyForDeploymentPostprocessing = 0;
		};
		FAEA47C22C747A06009D15C9 /* Sources */ = {
			isa = PBXSourcesBuildPhase;
			buildActionMask = 2147483647;
			files = (
				FAEA47CB2C747A06009D15C9 /* baby_bites_mobUITests.swift in Sources */,
				FAEA47CD2C747A06009D15C9 /* baby_bites_mobUITestsLaunchTests.swift in Sources */,
			);
			runOnlyForDeploymentPostprocessing = 0;
		};
/* End PBXSourcesBuildPhase section */

/* Begin PBXTargetDependency section */
		FAEA47BE2C747A06009D15C9 /* PBXTargetDependency */ = {
			isa = PBXTargetDependency;
			target = FAEA47A52C747A05009D15C9 /* baby-bites-mob */;
			targetProxy = FAEA47BD2C747A06009D15C9 /* PBXContainerItemProxy */;
		};
		FAEA47C82C747A06009D15C9 /* PBXTargetDependency */ = {
			isa = PBXTargetDependency;
			target = FAEA47A52C747A05009D15C9 /* baby-bites-mob */;
			targetProxy = FAEA47C72C747A06009D15C9 /* PBXContainerItemProxy */;
		};
/* End PBXTargetDependency section */

/* Begin PBXVariantGroup section */
		FAEA47B42C747A06009D15C9 /* LaunchScreen.storyboard */ = {
			isa = PBXVariantGroup;
			children = (
				FAEA47B52C747A06009D15C9 /* Base */,
			);
			name = LaunchScreen.storyboard;
			sourceTree = "<group>";
		};
/* End PBXVariantGroup section */

/* Begin XCBuildConfiguration section */
		FAEA47CE2C747A06009D15C9 /* Debug */ = {
			isa = XCBuildConfiguration;
			buildSettings = {
				ALWAYS_SEARCH_USER_PATHS = NO;
				ASSETCATALOG_COMPILER_GENERATE_SWIFT_ASSET_SYMBOL_EXTENSIONS = YES;
				CLANG_ANALYZER_NONNULL = YES;
				CLANG_ANALYZER_NUMBER_OBJECT_CONVERSION = YES_AGGRESSIVE;
				CLANG_CXX_LANGUAGE_STANDARD = "gnu++20";
				CLANG_ENABLE_MODULES = YES;
				CLANG_ENABLE_OBJC_ARC = YES;
				CLANG_ENABLE_OBJC_WEAK = YES;
				CLANG_WARN_BLOCK_CAPTURE_AUTORELEASING = YES;
				CLANG_WARN_BOOL_CONVERSION = YES;
				CLANG_WARN_COMMA = YES;
				CLANG_WARN_CONSTANT_CONVERSION = YES;
				CLANG_WARN_DEPRECATED_OBJC_IMPLEMENTATIONS = YES;
				CLANG_WARN_DIRECT_OBJC_ISA_USAGE = YES_ERROR;
				CLANG_WARN_DOCUMENTATION_COMMENTS = YES;
				CLANG_WARN_EMPTY_BODY = YES;
				CLANG_WARN_ENUM_CONVERSION = YES;
				CLANG_WARN_INFINITE_RECURSION = YES;
				CLANG_WARN_INT_CONVERSION = YES;
				CLANG_WARN_NON_LITERAL_NULL_CONVERSION = YES;
				CLANG_WARN_OBJC_IMPLICIT_RETAIN_SELF = YES;
				CLANG_WARN_OBJC_LITERAL_CONVERSION = YES;
				CLANG_WARN_OBJC_ROOT_CLASS = YES_ERROR;
				CLANG_WARN_QUOTED_INCLUDE_IN_FRAMEWORK_HEADER = YES;
				CLANG_WARN_RANGE_LOOP_ANALYSIS = YES;
				CLANG_WARN_STRICT_PROTOTYPES = YES;
				CLANG_WARN_SUSPICIOUS_MOVE = YES;
				CLANG_WARN_UNGUARDED_AVAILABILITY = YES_AGGRESSIVE;
				CLANG_WARN_UNREACHABLE_CODE = YES;
				CLANG_WARN__DUPLICATE_METHOD_MATCH = YES;
				COPY_PHASE_STRIP = NO;
				DEBUG_INFORMATION_FORMAT = dwarf;
				ENABLE_STRICT_OBJC_MSGSEND = YES;
				ENABLE_TESTABILITY = YES;
				ENABLE_USER_SCRIPT_SANDBOXING = YES;
				GCC_C_LANGUAGE_STANDARD = gnu17;
				GCC_DYNAMIC_NO_PIC = NO;
				GCC_NO_COMMON_BLOCKS = YES;
				GCC_OPTIMIZATION_LEVEL = 0;
				GCC_PREPROCESSOR_DEFINITIONS = (
					"DEBUG=1",
					"$(inherited)",
				);
				GCC_WARN_64_TO_32_BIT_CONVERSION = YES;
				GCC_WARN_ABOUT_RETURN_TYPE = YES_ERROR;
				GCC_WARN_UNDECLARED_SELECTOR = YES;
				GCC_WARN_UNINITIALIZED_AUTOS = YES_AGGRESSIVE;
				GCC_WARN_UNUSED_FUNCTION = YES;
				GCC_WARN_UNUSED_VARIABLE = YES;
				IPHONEOS_DEPLOYMENT_TARGET = 18.0;
				LOCALIZATION_PREFERS_STRING_CATALOGS = YES;
				MTL_ENABLE_DEBUG_INFO = INCLUDE_SOURCE;
				MTL_FAST_MATH = YES;
				ONLY_ACTIVE_ARCH = YES;
				SDKROOT = iphoneos;
				SWIFT_ACTIVE_COMPILATION_CONDITIONS = "DEBUG $(inherited)";
				SWIFT_OPTIMIZATION_LEVEL = "-Onone";
			};
			name = Debug;
		};
		FAEA47CF2C747A06009D15C9 /* Release */ = {
			isa = XCBuildConfiguration;
			buildSettings = {
				ALWAYS_SEARCH_USER_PATHS = NO;
				ASSETCATALOG_COMPILER_GENERATE_SWIFT_ASSET_SYMBOL_EXTENSIONS = YES;
				CLANG_ANALYZER_NONNULL = YES;
				CLANG_ANALYZER_NUMBER_OBJECT_CONVERSION = YES_AGGRESSIVE;
				CLANG_CXX_LANGUAGE_STANDARD = "gnu++20";
				CLANG_ENABLE_MODULES = YES;
				CLANG_ENABLE_OBJC_ARC = YES;
				CLANG_ENABLE_OBJC_WEAK = YES;
				CLANG_WARN_BLOCK_CAPTURE_AUTORELEASING = YES;
				CLANG_WARN_BOOL_CONVERSION = YES;
				CLANG_WARN_COMMA = YES;
				CLANG_WARN_CONSTANT_CONVERSION = YES;
				CLANG_WARN_DEPRECATED_OBJC_IMPLEMENTATIONS = YES;
				CLANG_WARN_DIRECT_OBJC_ISA_USAGE = YES_ERROR;
				CLANG_WARN_DOCUMENTATION_COMMENTS = YES;
				CLANG_WARN_EMPTY_BODY = YES;
				CLANG_WARN_ENUM_CONVERSION = YES;
				CLANG_WARN_INFINITE_RECURSION = YES;
				CLANG_WARN_INT_CONVERSION = YES;
				CLANG_WARN_NON_LITERAL_NULL_CONVERSION = YES;
				CLANG_WARN_OBJC_IMPLICIT_RETAIN_SELF = YES;
				CLANG_WARN_OBJC_LITERAL_CONVERSION = YES;
				CLANG_WARN_OBJC_ROOT_CLASS = YES_ERROR;
				CLANG_WARN_QUOTED_INCLUDE_IN_FRAMEWORK_HEADER = YES;
				CLANG_WARN_RANGE_LOOP_ANALYSIS = YES;
				CLANG_WARN_STRICT_PROTOTYPES = YES;
				CLANG_WARN_SUSPICIOUS_MOVE = YES;
				CLANG_WARN_UNGUARDED_AVAILABILITY = YES_AGGRESSIVE;
				CLANG_WARN_UNREACHABLE_CODE = YES;
				CLANG_WARN__DUPLICATE_METHOD_MATCH = YES;
				COPY_PHASE_STRIP = NO;
				DEBUG_INFORMATION_FORMAT = "dwarf-with-dsym";
				ENABLE_NS_ASSERTIONS = NO;
				ENABLE_STRICT_OBJC_MSGSEND = YES;
				ENABLE_USER_SCRIPT_SANDBOXING = YES;
				GCC_C_LANGUAGE_STANDARD = gnu17;
				GCC_NO_COMMON_BLOCKS = YES;
				GCC_WARN_64_TO_32_BIT_CONVERSION = YES;
				GCC_WARN_ABOUT_RETURN_TYPE = YES_ERROR;
				GCC_WARN_UNDECLARED_SELECTOR = YES;
				GCC_WARN_UNINITIALIZED_AUTOS = YES_AGGRESSIVE;
				GCC_WARN_UNUSED_FUNCTION = YES;
				GCC_WARN_UNUSED_VARIABLE = YES;
				IPHONEOS_DEPLOYMENT_TARGET = 18.0;
				LOCALIZATION_PREFERS_STRING_CATALOGS = YES;
				MTL_ENABLE_DEBUG_INFO = NO;
				MTL_FAST_MATH = YES;
				SDKROOT = iphoneos;
				SWIFT_COMPILATION_MODE = wholemodule;
				VALIDATE_PRODUCT = YES;
			};
			name = Release;
		};
		FAEA47D12C747A06009D15C9 /* Debug */ = {
			isa = XCBuildConfiguration;
			buildSettings = {
				ASSETCATALOG_COMPILER_APPICON_NAME = AppIcon;
				ASSETCATALOG_COMPILER_GLOBAL_ACCENT_COLOR_NAME = AccentColor;
				CODE_SIGN_ENTITLEMENTS = "baby-bites-mob/baby-bites-mob.entitlements";
				CODE_SIGN_STYLE = Automatic;
				CURRENT_PROJECT_VERSION = 1;
				DEVELOPMENT_TEAM = SW32R8WLA2;
				GENERATE_INFOPLIST_FILE = YES;
				INFOPLIST_FILE = "baby-bites-mob/Info.plist";
				INFOPLIST_KEY_UIApplicationSupportsIndirectInputEvents = YES;
				INFOPLIST_KEY_UILaunchStoryboardName = LaunchScreen;
				INFOPLIST_KEY_UIMainStoryboardFile = Main;
				INFOPLIST_KEY_UISupportedInterfaceOrientations_iPad = "UIInterfaceOrientationPortrait UIInterfaceOrientationPortraitUpsideDown UIInterfaceOrientationLandscapeLeft UIInterfaceOrientationLandscapeRight";
				INFOPLIST_KEY_UISupportedInterfaceOrientations_iPhone = "UIInterfaceOrientationPortrait UIInterfaceOrientationLandscapeLeft UIInterfaceOrientationLandscapeRight";
				LD_RUNPATH_SEARCH_PATHS = (
					"$(inherited)",
					"@executable_path/Frameworks",
				);
				MARKETING_VERSION = 1.0;
				PRODUCT_BUNDLE_IDENTIFIER = "com.iosda.baby-bites-mob";
				PRODUCT_NAME = "$(TARGET_NAME)";
				SWIFT_EMIT_LOC_STRINGS = YES;
				SWIFT_VERSION = 5.0;
				TARGETED_DEVICE_FAMILY = "1,2";
			};
			name = Debug;
		};
		FAEA47D22C747A06009D15C9 /* Release */ = {
			isa = XCBuildConfiguration;
			buildSettings = {
				ASSETCATALOG_COMPILER_APPICON_NAME = AppIcon;
				ASSETCATALOG_COMPILER_GLOBAL_ACCENT_COLOR_NAME = AccentColor;
				CODE_SIGN_ENTITLEMENTS = "baby-bites-mob/baby-bites-mob.entitlements";
				CODE_SIGN_STYLE = Automatic;
				CURRENT_PROJECT_VERSION = 1;
				DEVELOPMENT_TEAM = SW32R8WLA2;
				GENERATE_INFOPLIST_FILE = YES;
				INFOPLIST_FILE = "baby-bites-mob/Info.plist";
				INFOPLIST_KEY_UIApplicationSupportsIndirectInputEvents = YES;
				INFOPLIST_KEY_UILaunchStoryboardName = LaunchScreen;
				INFOPLIST_KEY_UIMainStoryboardFile = Main;
				INFOPLIST_KEY_UISupportedInterfaceOrientations_iPad = "UIInterfaceOrientationPortrait UIInterfaceOrientationPortraitUpsideDown UIInterfaceOrientationLandscapeLeft UIInterfaceOrientationLandscapeRight";
				INFOPLIST_KEY_UISupportedInterfaceOrientations_iPhone = "UIInterfaceOrientationPortrait UIInterfaceOrientationLandscapeLeft UIInterfaceOrientationLandscapeRight";
				LD_RUNPATH_SEARCH_PATHS = (
					"$(inherited)",
					"@executable_path/Frameworks",
				);
				MARKETING_VERSION = 1.0;
				PRODUCT_BUNDLE_IDENTIFIER = "com.iosda.baby-bites-mob";
				PRODUCT_NAME = "$(TARGET_NAME)";
				SWIFT_EMIT_LOC_STRINGS = YES;
				SWIFT_VERSION = 5.0;
				TARGETED_DEVICE_FAMILY = "1,2";
			};
			name = Release;
		};
		FAEA47D42C747A06009D15C9 /* Debug */ = {
			isa = XCBuildConfiguration;
			buildSettings = {
				BUNDLE_LOADER = "$(TEST_HOST)";
				CODE_SIGN_STYLE = Automatic;
				CURRENT_PROJECT_VERSION = 1;
				DEVELOPMENT_TEAM = SW32R8WLA2;
				GENERATE_INFOPLIST_FILE = YES;
				IPHONEOS_DEPLOYMENT_TARGET = 18.0;
				MARKETING_VERSION = 1.0;
				PRODUCT_BUNDLE_IDENTIFIER = "com.iosda.baby-bites-mobTests";
				PRODUCT_NAME = "$(TARGET_NAME)";
				SWIFT_EMIT_LOC_STRINGS = NO;
				SWIFT_VERSION = 5.0;
				TARGETED_DEVICE_FAMILY = "1,2";
				TEST_HOST = "$(BUILT_PRODUCTS_DIR)/baby-bites-mob.app/$(BUNDLE_EXECUTABLE_FOLDER_PATH)/baby-bites-mob";
			};
			name = Debug;
		};
		FAEA47D52C747A06009D15C9 /* Release */ = {
			isa = XCBuildConfiguration;
			buildSettings = {
				BUNDLE_LOADER = "$(TEST_HOST)";
				CODE_SIGN_STYLE = Automatic;
				CURRENT_PROJECT_VERSION = 1;
				DEVELOPMENT_TEAM = SW32R8WLA2;
				GENERATE_INFOPLIST_FILE = YES;
				IPHONEOS_DEPLOYMENT_TARGET = 18.0;
				MARKETING_VERSION = 1.0;
				PRODUCT_BUNDLE_IDENTIFIER = "com.iosda.baby-bites-mobTests";
				PRODUCT_NAME = "$(TARGET_NAME)";
				SWIFT_EMIT_LOC_STRINGS = NO;
				SWIFT_VERSION = 5.0;
				TARGETED_DEVICE_FAMILY = "1,2";
				TEST_HOST = "$(BUILT_PRODUCTS_DIR)/baby-bites-mob.app/$(BUNDLE_EXECUTABLE_FOLDER_PATH)/baby-bites-mob";
			};
			name = Release;
		};
		FAEA47D72C747A06009D15C9 /* Debug */ = {
			isa = XCBuildConfiguration;
			buildSettings = {
				CODE_SIGN_STYLE = Automatic;
				CURRENT_PROJECT_VERSION = 1;
				DEVELOPMENT_TEAM = SW32R8WLA2;
				GENERATE_INFOPLIST_FILE = YES;
				MARKETING_VERSION = 1.0;
				PRODUCT_BUNDLE_IDENTIFIER = "com.iosda.baby-bites-mobUITests";
				PRODUCT_NAME = "$(TARGET_NAME)";
				SWIFT_EMIT_LOC_STRINGS = NO;
				SWIFT_VERSION = 5.0;
				TARGETED_DEVICE_FAMILY = "1,2";
				TEST_TARGET_NAME = "baby-bites-mob";
			};
			name = Debug;
		};
		FAEA47D82C747A06009D15C9 /* Release */ = {
			isa = XCBuildConfiguration;
			buildSettings = {
				CODE_SIGN_STYLE = Automatic;
				CURRENT_PROJECT_VERSION = 1;
				DEVELOPMENT_TEAM = SW32R8WLA2;
				GENERATE_INFOPLIST_FILE = YES;
				MARKETING_VERSION = 1.0;
				PRODUCT_BUNDLE_IDENTIFIER = "com.iosda.baby-bites-mobUITests";
				PRODUCT_NAME = "$(TARGET_NAME)";
				SWIFT_EMIT_LOC_STRINGS = NO;
				SWIFT_VERSION = 5.0;
				TARGETED_DEVICE_FAMILY = "1,2";
				TEST_TARGET_NAME = "baby-bites-mob";
			};
			name = Release;
		};
/* End XCBuildConfiguration section */

/* Begin XCConfigurationList section */
		FAEA47A12C747A05009D15C9 /* Build configuration list for PBXProject "baby-bites-mob" */ = {
			isa = XCConfigurationList;
			buildConfigurations = (
				FAEA47CE2C747A06009D15C9 /* Debug */,
				FAEA47CF2C747A06009D15C9 /* Release */,
			);
			defaultConfigurationIsVisible = 0;
			defaultConfigurationName = Release;
		};
		FAEA47D02C747A06009D15C9 /* Build configuration list for PBXNativeTarget "baby-bites-mob" */ = {
			isa = XCConfigurationList;
			buildConfigurations = (
				FAEA47D12C747A06009D15C9 /* Debug */,
				FAEA47D22C747A06009D15C9 /* Release */,
			);
			defaultConfigurationIsVisible = 0;
			defaultConfigurationName = Release;
		};
		FAEA47D32C747A06009D15C9 /* Build configuration list for PBXNativeTarget "baby-bites-mobTests" */ = {
			isa = XCConfigurationList;
			buildConfigurations = (
				FAEA47D42C747A06009D15C9 /* Debug */,
				FAEA47D52C747A06009D15C9 /* Release */,
			);
			defaultConfigurationIsVisible = 0;
			defaultConfigurationName = Release;
		};
		FAEA47D62C747A06009D15C9 /* Build configuration list for PBXNativeTarget "baby-bites-mobUITests" */ = {
			isa = XCConfigurationList;
			buildConfigurations = (
				FAEA47D72C747A06009D15C9 /* Debug */,
				FAEA47D82C747A06009D15C9 /* Release */,
			);
			defaultConfigurationIsVisible = 0;
			defaultConfigurationName = Release;
		};
/* End XCConfigurationList section */
	};
	rootObject = FAEA479E2C747A05009D15C9 /* Project object */;
}
